
Microsoft Visual Studio Solution File, Format Version 12.00
# Visual Studio Version 16
VisualStudioVersion = 16.0.29613.14
MinimumVisualStudioVersion = 10.0.40219.1
Project("{FAE04EC0-301F-11D3-BF4B-00C04F79EFBC}") = "LibraryClient", "LibraryClient\LibraryClient.csproj", "{3AAC5DF4-2D57-4C70-942A-445803A016A4}"
EndProject
Global
	GlobalSection(SolutionConfigurationPlatforms) = preSolution
		Debug|Any CPU = Debug|Any CPU
		Release|Any CPU = Release|Any CPU
	EndGlobalSection
	GlobalSection(ProjectConfigurationPlatforms) = postSolution
		{3AAC5DF4-2D57-4C70-942A-445803A016A4}.Debug|Any CPU.ActiveCfg = Debug|Any CPU
		{3AAC5DF4-2D57-4C70-942A-445803A016A4}.Debug|Any CPU.Build.0 = Debug|Any CPU
		{3AAC5DF4-2D57-4C70-942A-445803A016A4}.Release|Any CPU.ActiveCfg = Release|Any CPU
		{3AAC5DF4-2D57-4C70-942A-445803A016A4}.Release|Any CPU.Build.0 = Release|Any CPU
	EndGlobalSection
	GlobalSection(SolutionProperties) = preSolution
		HideSolutionNode = FALSE
	EndGlobalSection
	GlobalSection(ExtensibilityGlobals) = postSolution
		SolutionGuid = {0F6CD69F-2831-4DD0-9F26-C15AE8C7F943}
	EndGlobalSection
EndGlobal
